
Microsoft Visual Studio Solution File, Format Version 12.00
# Visual Studio Version 16
Project("{FAE04EC0-301F-11D3-BF4B-00C04F79EFBC}") = "LandingCoordinator.Server", "LandingCoordinator.Server\LandingCoordinator.Server.csproj", "{EF60F450-D617-4763-A19E-19F97E18DC1B}"
EndProject
Project("{FAE04EC0-301F-11D3-BF4B-00C04F79EFBC}") = "LandingCoordinator.Abstractions", "LandingCoordinator.Abstractions\LandingCoordinator.Abstractions.csproj", "{F51D79E5-7408-468D-B4A2-B3CF79C107A5}"
EndProject
Project("{FAE04EC0-301F-11D3-BF4B-00C04F79EFBC}") = "LandingCoordinator.Operations", "LandingCoordinator.Operations\LandingCoordinator.Operations.csproj", "{AEA42F67-E022-40C6-A06A-A2B11DBF9ED2}"
EndProject
Project("{FAE04EC0-301F-11D3-BF4B-00C04F79EFBC}") = "LandingCoordinator.Shepard", "LandingCoordinator.Shepard\LandingCoordinator.Shepard.csproj", "{3EAA6A45-83F7-457F-8277-94CC48334FE2}"
EndProject
Project("{FAE04EC0-301F-11D3-BF4B-00C04F79EFBC}") = "LandingCoordinator.Engine", "LandingCoordinator.Engine\LandingCoordinator.Engine.csproj", "{CFC2CDE0-E7AB-420F-B2F1-9D7D082DD329}"
EndProject
Project("{FAE04EC0-301F-11D3-BF4B-00C04F79EFBC}") = "LandingCoordinator.Engine.Test", "LandingCoordinator.Engine.Test\LandingCoordinator.Engine.Test.csproj", "{A393F02A-FEE2-46C4-9752-62E64DAFA7F5}"
EndProject
Global
	GlobalSection(SolutionConfigurationPlatforms) = preSolution
		Debug|Any CPU = Debug|Any CPU
		Release|Any CPU = Release|Any CPU
	EndGlobalSection
	GlobalSection(ProjectConfigurationPlatforms) = postSolution
		{EF60F450-D617-4763-A19E-19F97E18DC1B}.Debug|Any CPU.ActiveCfg = Debug|Any CPU
		{EF60F450-D617-4763-A19E-19F97E18DC1B}.Debug|Any CPU.Build.0 = Debug|Any CPU
		{EF60F450-D617-4763-A19E-19F97E18DC1B}.Release|Any CPU.ActiveCfg = Release|Any CPU
		{EF60F450-D617-4763-A19E-19F97E18DC1B}.Release|Any CPU.Build.0 = Release|Any CPU
		{F51D79E5-7408-468D-B4A2-B3CF79C107A5}.Debug|Any CPU.ActiveCfg = Debug|Any CPU
		{F51D79E5-7408-468D-B4A2-B3CF79C107A5}.Debug|Any CPU.Build.0 = Debug|Any CPU
		{F51D79E5-7408-468D-B4A2-B3CF79C107A5}.Release|Any CPU.ActiveCfg = Release|Any CPU
		{F51D79E5-7408-468D-B4A2-B3CF79C107A5}.Release|Any CPU.Build.0 = Release|Any CPU
		{AEA42F67-E022-40C6-A06A-A2B11DBF9ED2}.Debug|Any CPU.ActiveCfg = Debug|Any CPU
		{AEA42F67-E022-40C6-A06A-A2B11DBF9ED2}.Debug|Any CPU.Build.0 = Debug|Any CPU
		{AEA42F67-E022-40C6-A06A-A2B11DBF9ED2}.Release|Any CPU.ActiveCfg = Release|Any CPU
		{AEA42F67-E022-40C6-A06A-A2B11DBF9ED2}.Release|Any CPU.Build.0 = Release|Any CPU
		{3EAA6A45-83F7-457F-8277-94CC48334FE2}.Debug|Any CPU.ActiveCfg = Debug|Any CPU
		{3EAA6A45-83F7-457F-8277-94CC48334FE2}.Debug|Any CPU.Build.0 = Debug|Any CPU
		{3EAA6A45-83F7-457F-8277-94CC48334FE2}.Release|Any CPU.ActiveCfg = Release|Any CPU
		{3EAA6A45-83F7-457F-8277-94CC48334FE2}.Release|Any CPU.Build.0 = Release|Any CPU
		{CFC2CDE0-E7AB-420F-B2F1-9D7D082DD329}.Debug|Any CPU.ActiveCfg = Debug|Any CPU
		{CFC2CDE0-E7AB-420F-B2F1-9D7D082DD329}.Debug|Any CPU.Build.0 = Debug|Any CPU
		{CFC2CDE0-E7AB-420F-B2F1-9D7D082DD329}.Release|Any CPU.ActiveCfg = Release|Any CPU
		{CFC2CDE0-E7AB-420F-B2F1-9D7D082DD329}.Release|Any CPU.Build.0 = Release|Any CPU
		{A393F02A-FEE2-46C4-9752-62E64DAFA7F5}.Debug|Any CPU.ActiveCfg = Debug|Any CPU
		{A393F02A-FEE2-46C4-9752-62E64DAFA7F5}.Debug|Any CPU.Build.0 = Debug|Any CPU
		{A393F02A-FEE2-46C4-9752-62E64DAFA7F5}.Release|Any CPU.ActiveCfg = Release|Any CPU
		{A393F02A-FEE2-46C4-9752-62E64DAFA7F5}.Release|Any CPU.Build.0 = Release|Any CPU
	EndGlobalSection
EndGlobal
